
Microsoft Visual Studio Solution File, Format Version 12.00
# Visual Studio 14
VisualStudioVersion = 14.0.25420.1
MinimumVisualStudioVersion = 10.0.40219.1
Project("{FAE04EC0-301F-11D3-BF4B-00C04F79EFBC}") = "TemperatureControl2", "TemperatureControl2\TemperatureControl2.csproj", "{536B6AA7-8D24-4311-AB2F-4E6583FCABB9}"
EndProject
Project("{FAE04EC0-301F-11D3-BF4B-00C04F79EFBC}") = "Device", "Device\Device.csproj", "{B8901C67-8982-4780-A52C-8B449A0989F2}"
EndProject
Project("{FAE04EC0-301F-11D3-BF4B-00C04F79EFBC}") = "Utils", "Utils\Utils.csproj", "{665E85E4-8DA9-4E1D-B628-767814C15DF3}"
EndProject
Project("{2150E333-8FDC-42A3-9474-1A3956D46DE8}") = "说明文档", "说明文档", "{FB701F44-F2C5-497E-ADA5-320B61F982CC}"
	ProjectSection(SolutionItems) = preProject
		20171104说明.txt = 20171104说明.txt
	EndProjectSection
EndProject
Global
	GlobalSection(SolutionConfigurationPlatforms) = preSolution
		Debug|Any CPU = Debug|Any CPU
		Debug|x86 = Debug|x86
		Release|Any CPU = Release|Any CPU
		Release|x86 = Release|x86
	EndGlobalSection
	GlobalSection(ProjectConfigurationPlatforms) = postSolution
		{536B6AA7-8D24-4311-AB2F-4E6583FCABB9}.Debug|Any CPU.ActiveCfg = Debug|Any CPU
		{536B6AA7-8D24-4311-AB2F-4E6583FCABB9}.Debug|Any CPU.Build.0 = Debug|Any CPU
		{536B6AA7-8D24-4311-AB2F-4E6583FCABB9}.Debug|x86.ActiveCfg = Debug|x86
		{536B6AA7-8D24-4311-AB2F-4E6583FCABB9}.Debug|x86.Build.0 = Debug|x86
		{536B6AA7-8D24-4311-AB2F-4E6583FCABB9}.Release|Any CPU.ActiveCfg = Release|Any CPU
		{536B6AA7-8D24-4311-AB2F-4E6583FCABB9}.Release|Any CPU.Build.0 = Release|Any CPU
		{536B6AA7-8D24-4311-AB2F-4E6583FCABB9}.Release|x86.ActiveCfg = Release|x86
		{536B6AA7-8D24-4311-AB2F-4E6583FCABB9}.Release|x86.Build.0 = Release|x86
		{B8901C67-8982-4780-A52C-8B449A0989F2}.Debug|Any CPU.ActiveCfg = Debug|Any CPU
		{B8901C67-8982-4780-A52C-8B449A0989F2}.Debug|Any CPU.Build.0 = Debug|Any CPU
		{B8901C67-8982-4780-A52C-8B449A0989F2}.Debug|x86.ActiveCfg = Debug|x86
		{B8901C67-8982-4780-A52C-8B449A0989F2}.Debug|x86.Build.0 = Debug|x86
		{B8901C67-8982-4780-A52C-8B449A0989F2}.Release|Any CPU.ActiveCfg = Release|Any CPU
		{B8901C67-8982-4780-A52C-8B449A0989F2}.Release|Any CPU.Build.0 = Release|Any CPU
		{B8901C67-8982-4780-A52C-8B449A0989F2}.Release|x86.ActiveCfg = Release|x86
		{B8901C67-8982-4780-A52C-8B449A0989F2}.Release|x86.Build.0 = Release|x86
		{665E85E4-8DA9-4E1D-B628-767814C15DF3}.Debug|Any CPU.ActiveCfg = Debug|Any CPU
		{665E85E4-8DA9-4E1D-B628-767814C15DF3}.Debug|Any CPU.Build.0 = Debug|Any CPU
		{665E85E4-8DA9-4E1D-B628-767814C15DF3}.Debug|x86.ActiveCfg = Debug|x86
		{665E85E4-8DA9-4E1D-B628-767814C15DF3}.Debug|x86.Build.0 = Debug|x86
		{665E85E4-8DA9-4E1D-B628-767814C15DF3}.Release|Any CPU.ActiveCfg = Release|Any CPU
		{665E85E4-8DA9-4E1D-B628-767814C15DF3}.Release|Any CPU.Build.0 = Release|Any CPU
		{665E85E4-8DA9-4E1D-B628-767814C15DF3}.Release|x86.ActiveCfg = Release|x86
		{665E85E4-8DA9-4E1D-B628-767814C15DF3}.Release|x86.Build.0 = Release|x86
	EndGlobalSection
	GlobalSection(SolutionProperties) = preSolution
		HideSolutionNode = FALSE
	EndGlobalSection
EndGlobal
