
Microsoft Visual Studio Solution File, Format Version 12.00
# Visual Studio 14
VisualStudioVersion = 14.0.25420.1
MinimumVisualStudioVersion = 10.0.40219.1
Project("{FAE04EC0-301F-11D3-BF4B-00C04F79EFBC}") = "TemperatureControl", "TemperatureControl\TemperatureControl.csproj", "{C37ED95D-9B6C-4310-8628-023F73C36A53}"
EndProject
Project("{FAE04EC0-301F-11D3-BF4B-00C04F79EFBC}") = "Device", "TempDevice\Device.csproj", "{E0637FA2-8BFA-49A7-87B2-662C2B710770}"
EndProject
Project("{FAE04EC0-301F-11D3-BF4B-00C04F79EFBC}") = "Device_test", "TempDevice_test\Device_test.csproj", "{FB7696A6-9364-41BC-AB42-A8E1F845A728}"
EndProject
Project("{FAE04EC0-301F-11D3-BF4B-00C04F79EFBC}") = "Logs", "Logs\Logs.csproj", "{F1B7A1FF-E2FC-4425-B2CD-6B9DFCF19F45}"
EndProject
Global
	GlobalSection(SolutionConfigurationPlatforms) = preSolution
		Debug|Any CPU = Debug|Any CPU
		Release|Any CPU = Release|Any CPU
	EndGlobalSection
	GlobalSection(ProjectConfigurationPlatforms) = postSolution
		{C37ED95D-9B6C-4310-8628-023F73C36A53}.Debug|Any CPU.ActiveCfg = Debug|Any CPU
		{C37ED95D-9B6C-4310-8628-023F73C36A53}.Debug|Any CPU.Build.0 = Debug|Any CPU
		{C37ED95D-9B6C-4310-8628-023F73C36A53}.Release|Any CPU.ActiveCfg = Release|Any CPU
		{C37ED95D-9B6C-4310-8628-023F73C36A53}.Release|Any CPU.Build.0 = Release|Any CPU
		{E0637FA2-8BFA-49A7-87B2-662C2B710770}.Debug|Any CPU.ActiveCfg = Debug|Any CPU
		{E0637FA2-8BFA-49A7-87B2-662C2B710770}.Debug|Any CPU.Build.0 = Debug|Any CPU
		{E0637FA2-8BFA-49A7-87B2-662C2B710770}.Release|Any CPU.ActiveCfg = Release|Any CPU
		{E0637FA2-8BFA-49A7-87B2-662C2B710770}.Release|Any CPU.Build.0 = Release|Any CPU
		{FB7696A6-9364-41BC-AB42-A8E1F845A728}.Debug|Any CPU.ActiveCfg = Debug|Any CPU
		{FB7696A6-9364-41BC-AB42-A8E1F845A728}.Debug|Any CPU.Build.0 = Debug|Any CPU
		{FB7696A6-9364-41BC-AB42-A8E1F845A728}.Release|Any CPU.ActiveCfg = Release|Any CPU
		{FB7696A6-9364-41BC-AB42-A8E1F845A728}.Release|Any CPU.Build.0 = Release|Any CPU
		{F1B7A1FF-E2FC-4425-B2CD-6B9DFCF19F45}.Debug|Any CPU.ActiveCfg = Debug|Any CPU
		{F1B7A1FF-E2FC-4425-B2CD-6B9DFCF19F45}.Debug|Any CPU.Build.0 = Debug|Any CPU
		{F1B7A1FF-E2FC-4425-B2CD-6B9DFCF19F45}.Release|Any CPU.ActiveCfg = Release|Any CPU
		{F1B7A1FF-E2FC-4425-B2CD-6B9DFCF19F45}.Release|Any CPU.Build.0 = Release|Any CPU
	EndGlobalSection
	GlobalSection(SolutionProperties) = preSolution
		HideSolutionNode = FALSE
	EndGlobalSection
EndGlobal
